
Microsoft Visual Studio Solution File, Format Version 12.00
# Visual Studio Version 16
VisualStudioVersion = 16.0.31205.134
MinimumVisualStudioVersion = 10.0.40219.1
Project("{9A19103F-16F7-4668-BE54-9A1E7A4F7556}") = "AdapterDesignPattern", "AdapterDesignPatern\AdapterDesignPattern.csproj", "{86D8006C-7EEE-4BB1-AA90-DB75F2366022}"
EndProject
Project("{9A19103F-16F7-4668-BE54-9A1E7A4F7556}") = "FacadeDesignPattern", "FacadeDesignParten\FacadeDesignPattern.csproj", "{0F10489F-5F6D-42D5-B148-9B4225F0F274}"
EndProject
Project("{2150E333-8FDC-42A3-9474-1A3956D46DE8}") = "2.StructuralPattern", "2.StructuralPattern", "{5E9BCE48-6BAA-4185-9241-901DC7067D9D}"
EndProject
Project("{2150E333-8FDC-42A3-9474-1A3956D46DE8}") = "1.CreationalPattern", "1.CreationalPattern", "{2C12F492-5A1E-49B5-90E4-BA0FF5D605F7}"
EndProject
Project("{2150E333-8FDC-42A3-9474-1A3956D46DE8}") = "3.BehavioralPattern", "3.BehavioralPattern", "{4161AEC3-EDAC-4E4D-B416-75F25F5C2F62}"
EndProject
Project("{FAE04EC0-301F-11D3-BF4B-00C04F79EFBC}") = "ProxyDesignPattern", "ProxyDesignPattern\ProxyDesignPattern.csproj", "{CE90019F-508B-4C7B-86B7-FE6B3C89A82D}"
EndProject
Project("{FAE04EC0-301F-11D3-BF4B-00C04F79EFBC}") = "CompositeDesignPattern", "CompositeDesignPattern\CompositeDesignPattern.csproj", "{BFDB23AA-CEA1-421C-B24E-A6C8A1D4704E}"
EndProject
Project("{FAE04EC0-301F-11D3-BF4B-00C04F79EFBC}") = "DecoratorDesignPattern", "DecoratorDesignPattern\DecoratorDesignPattern.csproj", "{3F9CC11A-DAD5-4AD9-AD70-16A9948E93FB}"
EndProject
Project("{FAE04EC0-301F-11D3-BF4B-00C04F79EFBC}") = "BridgeDesignPattern", "BridgeDesignPattern\BridgeDesignPattern.csproj", "{E67A1679-681E-408B-B829-3A911859B86B}"
EndProject
Project("{FAE04EC0-301F-11D3-BF4B-00C04F79EFBC}") = "FlyWeightDesignPattern", "FlyWeightDesignPattern\FlyWeightDesignPattern.csproj", "{5DE1884C-3549-4F31-ABC3-036D6E21FE7C}"
EndProject
Global
	GlobalSection(SolutionConfigurationPlatforms) = preSolution
		Debug|Any CPU = Debug|Any CPU
		Release|Any CPU = Release|Any CPU
	EndGlobalSection
	GlobalSection(ProjectConfigurationPlatforms) = postSolution
		{86D8006C-7EEE-4BB1-AA90-DB75F2366022}.Debug|Any CPU.ActiveCfg = Debug|Any CPU
		{86D8006C-7EEE-4BB1-AA90-DB75F2366022}.Debug|Any CPU.Build.0 = Debug|Any CPU
		{86D8006C-7EEE-4BB1-AA90-DB75F2366022}.Release|Any CPU.ActiveCfg = Release|Any CPU
		{86D8006C-7EEE-4BB1-AA90-DB75F2366022}.Release|Any CPU.Build.0 = Release|Any CPU
		{0F10489F-5F6D-42D5-B148-9B4225F0F274}.Debug|Any CPU.ActiveCfg = Debug|Any CPU
		{0F10489F-5F6D-42D5-B148-9B4225F0F274}.Debug|Any CPU.Build.0 = Debug|Any CPU
		{0F10489F-5F6D-42D5-B148-9B4225F0F274}.Release|Any CPU.ActiveCfg = Release|Any CPU
		{0F10489F-5F6D-42D5-B148-9B4225F0F274}.Release|Any CPU.Build.0 = Release|Any CPU
		{CE90019F-508B-4C7B-86B7-FE6B3C89A82D}.Debug|Any CPU.ActiveCfg = Debug|Any CPU
		{CE90019F-508B-4C7B-86B7-FE6B3C89A82D}.Debug|Any CPU.Build.0 = Debug|Any CPU
		{CE90019F-508B-4C7B-86B7-FE6B3C89A82D}.Release|Any CPU.ActiveCfg = Release|Any CPU
		{CE90019F-508B-4C7B-86B7-FE6B3C89A82D}.Release|Any CPU.Build.0 = Release|Any CPU
		{BFDB23AA-CEA1-421C-B24E-A6C8A1D4704E}.Debug|Any CPU.ActiveCfg = Debug|Any CPU
		{BFDB23AA-CEA1-421C-B24E-A6C8A1D4704E}.Debug|Any CPU.Build.0 = Debug|Any CPU
		{BFDB23AA-CEA1-421C-B24E-A6C8A1D4704E}.Release|Any CPU.ActiveCfg = Release|Any CPU
		{BFDB23AA-CEA1-421C-B24E-A6C8A1D4704E}.Release|Any CPU.Build.0 = Release|Any CPU
		{3F9CC11A-DAD5-4AD9-AD70-16A9948E93FB}.Debug|Any CPU.ActiveCfg = Debug|Any CPU
		{3F9CC11A-DAD5-4AD9-AD70-16A9948E93FB}.Debug|Any CPU.Build.0 = Debug|Any CPU
		{3F9CC11A-DAD5-4AD9-AD70-16A9948E93FB}.Release|Any CPU.ActiveCfg = Release|Any CPU
		{3F9CC11A-DAD5-4AD9-AD70-16A9948E93FB}.Release|Any CPU.Build.0 = Release|Any CPU
		{E67A1679-681E-408B-B829-3A911859B86B}.Debug|Any CPU.ActiveCfg = Debug|Any CPU
		{E67A1679-681E-408B-B829-3A911859B86B}.Debug|Any CPU.Build.0 = Debug|Any CPU
		{E67A1679-681E-408B-B829-3A911859B86B}.Release|Any CPU.ActiveCfg = Release|Any CPU
		{E67A1679-681E-408B-B829-3A911859B86B}.Release|Any CPU.Build.0 = Release|Any CPU
		{5DE1884C-3549-4F31-ABC3-036D6E21FE7C}.Debug|Any CPU.ActiveCfg = Debug|Any CPU
		{5DE1884C-3549-4F31-ABC3-036D6E21FE7C}.Debug|Any CPU.Build.0 = Debug|Any CPU
		{5DE1884C-3549-4F31-ABC3-036D6E21FE7C}.Release|Any CPU.ActiveCfg = Release|Any CPU
		{5DE1884C-3549-4F31-ABC3-036D6E21FE7C}.Release|Any CPU.Build.0 = Release|Any CPU
	EndGlobalSection
	GlobalSection(SolutionProperties) = preSolution
		HideSolutionNode = FALSE
	EndGlobalSection
	GlobalSection(NestedProjects) = preSolution
		{86D8006C-7EEE-4BB1-AA90-DB75F2366022} = {5E9BCE48-6BAA-4185-9241-901DC7067D9D}
		{0F10489F-5F6D-42D5-B148-9B4225F0F274} = {5E9BCE48-6BAA-4185-9241-901DC7067D9D}
		{CE90019F-508B-4C7B-86B7-FE6B3C89A82D} = {5E9BCE48-6BAA-4185-9241-901DC7067D9D}
		{BFDB23AA-CEA1-421C-B24E-A6C8A1D4704E} = {5E9BCE48-6BAA-4185-9241-901DC7067D9D}
		{3F9CC11A-DAD5-4AD9-AD70-16A9948E93FB} = {5E9BCE48-6BAA-4185-9241-901DC7067D9D}
		{E67A1679-681E-408B-B829-3A911859B86B} = {5E9BCE48-6BAA-4185-9241-901DC7067D9D}
		{5DE1884C-3549-4F31-ABC3-036D6E21FE7C} = {5E9BCE48-6BAA-4185-9241-901DC7067D9D}
	EndGlobalSection
	GlobalSection(ExtensibilityGlobals) = postSolution
		SolutionGuid = {BC7491B7-0960-4E10-81C3-47AF92813BBA}
	EndGlobalSection
EndGlobal
